// !$*UTF8*$!
{
	archiveVersion = 1;
	classes = {
	};
	objectVersion = 50;
	objects = {

/* Begin PBXBuildFile section */
		D713AEB7247443CF00676490 /* AppDelegate.swift in Sources */ = {isa = PBXBuildFile; fileRef = D713AEB6247443CF00676490 /* AppDelegate.swift */; };
		D713AEB9247443CF00676490 /* SceneDelegate.swift in Sources */ = {isa = PBXBuildFile; fileRef = D713AEB8247443CF00676490 /* SceneDelegate.swift */; };
		D713AEBB247443CF00676490 /* ViewController.swift in Sources */ = {isa = PBXBuildFile; fileRef = D713AEBA247443CF00676490 /* ViewController.swift */; };
		D713AEBE247443CF00676490 /* Main.storyboard in Resources */ = {isa = PBXBuildFile; fileRef = D713AEBC247443CF00676490 /* Main.storyboard */; };
		D713AEC1247443CF00676490 /* CoreDatatest.xcdatamodeld in Sources */ = {isa = PBXBuildFile; fileRef = D713AEBF247443CF00676490 /* CoreDatatest.xcdatamodeld */; };
		D713AEC3247443D200676490 /* Assets.xcassets in Resources */ = {isa = PBXBuildFile; fileRef = D713AEC2247443D200676490 /* Assets.xcassets */; };
		D713AEC6247443D200676490 /* LaunchScreen.storyboard in Resources */ = {isa = PBXBuildFile; fileRef = D713AEC4247443D200676490 /* LaunchScreen.storyboard */; };
/* End PBXBuildFile section */

/* Begin PBXFileReference section */
		D713AEB3247443CF00676490 /* CoreDatatest.app */ = {isa = PBXFileReference; explicitFileType = wrapper.application; includeInIndex = 0; path = CoreDatatest.app; sourceTree = BUILT_PRODUCTS_DIR; };
		D713AEB6247443CF00676490 /* AppDelegate.swift */ = {isa = PBXFileReference; lastKnownFileType = sourcecode.swift; path = AppDelegate.swift; sourceTree = "<group>"; };
		D713AEB8247443CF00676490 /* SceneDelegate.swift */ = {isa = PBXFileReference; lastKnownFileType = sourcecode.swift; path = SceneDelegate.swift; sourceTree = "<group>"; };
		D713AEBA247443CF00676490 /* ViewController.swift */ = {isa = PBXFileReference; lastKnownFileType = sourcecode.swift; path = ViewController.swift; sourceTree = "<group>"; };
		D713AEBD247443CF00676490 /* Base */ = {isa = PBXFileReference; lastKnownFileType = file.storyboard; name = Base; path = Base.lproj/Main.storyboard; sourceTree = "<group>"; };
		D713AEC0247443CF00676490 /* CoreDatatest.xcdatamodel */ = {isa = PBXFileReference; lastKnownFileType = wrapper.xcdatamodel; path = CoreDatatest.xcdatamodel; sourceTree = "<group>"; };
		D713AEC2247443D200676490 /* Assets.xcassets */ = {isa = PBXFileReference; lastKnownFileType = folder.assetcatalog; path = Assets.xcassets; sourceTree = "<group>"; };
		D713AEC5247443D200676490 /* Base */ = {isa = PBXFileReference; lastKnownFileType = file.storyboard; name = Base; path = Base.lproj/LaunchScreen.storyboard; sourceTree = "<group>"; };
		D713AEC7247443D200676490 /* Info.plist */ = {isa = PBXFileReference; lastKnownFileType = text.plist.xml; path = Info.plist; sourceTree = "<group>"; };
/* End PBXFileReference section */

/* Begin PBXFrameworksBuildPhase section */
		D713AEB0247443CF00676490 /* Frameworks */ = {
			isa = PBXFrameworksBuildPhase;
			buildActionMask = 2147483647;
			files = (
			);
			runOnlyForDeploymentPostprocessing = 0;
		};
/* End PBXFrameworksBuildPhase section */

/* Begin PBXGroup section */
		D713AEAA247443CF00676490 = {
			isa = PBXGroup;
			children = (
				D713AEB5247443CF00676490 /* CoreDatatest */,
				D713AEB4247443CF00676490 /* Products */,
			);
			sourceTree = "<group>";
		};
		D713AEB4247443CF00676490 /* Products */ = {
			isa = PBXGroup;
			children = (
				D713AEB3247443CF00676490 /* CoreDatatest.app */,
			);
			name = Products;
			sourceTree = "<group>";
		};
		D713AEB5247443CF00676490 /* CoreDatatest */ = {
			isa = PBXGroup;
			children = (
				D713AEB6247443CF00676490 /* AppDelegate.swift */,
				D713AEB8247443CF00676490 /* SceneDelegate.swift */,
				D713AEBA247443CF00676490 /* ViewController.swift */,
				D713AEBC247443CF00676490 /* Main.storyboard */,
				D713AEC2247443D200676490 /* Assets.xcassets */,
				D713AEC4247443D200676490 /* LaunchScreen.storyboard */,
				D713AEC7247443D200676490 /* Info.plist */,
				D713AEBF247443CF00676490 /* CoreDatatest.xcdatamodeld */,
			);
			path = CoreDatatest;
			sourceTree = "<group>";
		};
/* End PBXGroup section */

/* Begin PBXNativeTarget section */
		D713AEB2247443CF00676490 /* CoreDatatest */ = {
			isa = PBXNativeTarget;
			buildConfigurationList = D713AECA247443D200676490 /* Build configuration list for PBXNativeTarget "CoreDatatest" */;
			buildPhases = (
				D713AEAF247443CF00676490 /* Sources */,
				D713AEB0247443CF00676490 /* Frameworks */,
				D713AEB1247443CF00676490 /* Resources */,
			);
			buildRules = (
			);
			dependencies = (
			);
			name = CoreDatatest;
			productName = CoreDatatest;
			productReference = D713AEB3247443CF00676490 /* CoreDatatest.app */;
			productType = "com.apple.product-type.application";
		};
/* End PBXNativeTarget section */

/* Begin PBXProject section */
		D713AEAB247443CF00676490 /* Project object */ = {
			isa = PBXProject;
			attributes = {
				LastSwiftUpdateCheck = 1120;
				LastUpgradeCheck = 1120;
				ORGANIZATIONNAME = Dfuture;
				TargetAttributes = {
					D713AEB2247443CF00676490 = {
						CreatedOnToolsVersion = 11.2;
					};
				};
			};
			buildConfigurationList = D713AEAE247443CF00676490 /* Build configuration list for PBXProject "CoreDatatest" */;
			compatibilityVersion = "Xcode 9.3";
			developmentRegion = en;
			hasScannedForEncodings = 0;
			knownRegions = (
				en,
				Base,
			);
			mainGroup = D713AEAA247443CF00676490;
			productRefGroup = D713AEB4247443CF00676490 /* Products */;
			projectDirPath = "";
			projectRoot = "";
			targets = (
				D713AEB2247443CF00676490 /* CoreDatatest */,
			);
		};
/* End PBXProject section */

/* Begin PBXResourcesBuildPhase section */
		D713AEB1247443CF00676490 /* Resources */ = {
			isa = PBXResourcesBuildPhase;
			buildActionMask = 2147483647;
			files = (
				D713AEC6247443D200676490 /* LaunchScreen.storyboard in Resources */,
				D713AEC3247443D200676490 /* Assets.xcassets in Resources */,
				D713AEBE247443CF00676490 /* Main.storyboard in Resources */,
			);
			runOnlyForDeploymentPostprocessing = 0;
		};
/* End PBXResourcesBuildPhase section */

/* Begin PBXSourcesBuildPhase section */
		D713AEAF247443CF00676490 /* Sources */ = {
			isa = PBXSourcesBuildPhase;
			buildActionMask = 2147483647;
			files = (
				D713AEC1247443CF00676490 /* CoreDatatest.xcdatamodeld in Sources */,
				D713AEBB247443CF00676490 /* ViewController.swift in Sources */,
				D713AEB7247443CF00676490 /* AppDelegate.swift in Sources */,
				D713AEB9247443CF00676490 /* SceneDelegate.swift in Sources */,
			);
			runOnlyForDeploymentPostprocessing = 0;
		};
/* End PBXSourcesBuildPhase section */

/* Begin PBXVariantGroup section */
		D713AEBC247443CF00676490 /* Main.storyboard */ = {
			isa = PBXVariantGroup;
			children = (
				D713AEBD247443CF00676490 /* Base */,
			);
			name = Main.storyboard;
			sourceTree = "<group>";
		};
		D713AEC4247443D200676490 /* LaunchScreen.storyboard */ = {
			isa = PBXVariantGroup;
			children = (
				D713AEC5247443D200676490 /* Base */,
			);
			name = LaunchScreen.storyboard;
			sourceTree = "<group>";
		};
/* End PBXVariantGroup section */

/* Begin XCBuildConfiguration section */
		D713AEC8247443D200676490 /* Debug */ = {
			isa = XCBuildConfiguration;
			buildSettings = {
				ALWAYS_SEARCH_USER_PATHS = NO;
				CLANG_ANALYZER_NONNULL = YES;
				CLANG_ANALYZER_NUMBER_OBJECT_CONVERSION = YES_AGGRESSIVE;
				CLANG_CXX_LANGUAGE_STANDARD = "gnu++14";
				CLANG_CXX_LIBRARY = "libc++";
				CLANG_ENABLE_MODULES = YES;
				CLANG_ENABLE_OBJC_ARC = YES;
				CLANG_ENABLE_OBJC_WEAK = YES;
				CLANG_WARN_BLOCK_CAPTURE_AUTORELEASING = YES;
				CLANG_WARN_BOOL_CONVERSION = YES;
				CLANG_WARN_COMMA = YES;
				CLANG_WARN_CONSTANT_CONVERSION = YES;
				CLANG_WARN_DEPRECATED_OBJC_IMPLEMENTATIONS = YES;
				CLANG_WARN_DIRECT_OBJC_ISA_USAGE = YES_ERROR;
				CLANG_WARN_DOCUMENTATION_COMMENTS = YES;
				CLANG_WARN_EMPTY_BODY = YES;
				CLANG_WARN_ENUM_CONVERSION = YES;
				CLANG_WARN_INFINITE_RECURSION = YES;
				CLANG_WARN_INT_CONVERSION = YES;
				CLANG_WARN_NON_LITERAL_NULL_CONVERSION = YES;
				CLANG_WARN_OBJC_IMPLICIT_RETAIN_SELF = YES;
				CLANG_WARN_OBJC_LITERAL_CONVERSION = YES;
				CLANG_WARN_OBJC_ROOT_CLASS = YES_ERROR;
				CLANG_WARN_RANGE_LOOP_ANALYSIS = YES;
				CLANG_WARN_STRICT_PROTOTYPES = YES;
				CLANG_WARN_SUSPICIOUS_MOVE = YES;
				CLANG_WARN_UNGUARDED_AVAILABILITY = YES_AGGRESSIVE;
				CLANG_WARN_UNREACHABLE_CODE = YES;
				CLANG_WARN__DUPLICATE_METHOD_MATCH = YES;
				COPY_PHASE_STRIP = NO;
				DEBUG_INFORMATION_FORMAT = dwarf;
				ENABLE_STRICT_OBJC_MSGSEND = YES;
				ENABLE_TESTABILITY = YES;
				GCC_C_LANGUAGE_STANDARD = gnu11;
				GCC_DYNAMIC_NO_PIC = NO;
				GCC_NO_COMMON_BLOCKS = YES;
				GCC_OPTIMIZATION_LEVEL = 0;
				GCC_PREPROCESSOR_DEFINITIONS = (
					"DEBUG=1",
					"$(inherited)",
				);
				GCC_WARN_64_TO_32_BIT_CONVERSION = YES;
				GCC_WARN_ABOUT_RETURN_TYPE = YES_ERROR;
				GCC_WARN_UNDECLARED_SELECTOR = YES;
				GCC_WARN_UNINITIALIZED_AUTOS = YES_AGGRESSIVE;
				GCC_WARN_UNUSED_FUNCTION = YES;
				GCC_WARN_UNUSED_VARIABLE = YES;
				IPHONEOS_DEPLOYMENT_TARGET = 13.2;
				MTL_ENABLE_DEBUG_INFO = INCLUDE_SOURCE;
				MTL_FAST_MATH = YES;
				ONLY_ACTIVE_ARCH = YES;
				SDKROOT = iphoneos;
				SWIFT_ACTIVE_COMPILATION_CONDITIONS = DEBUG;
				SWIFT_OPTIMIZATION_LEVEL = "-Onone";
			};
			name = Debug;
		};
		D713AEC9247443D200676490 /* Release */ = {
			isa = XCBuildConfiguration;
			buildSettings = {
				ALWAYS_SEARCH_USER_PATHS = NO;
				CLANG_ANALYZER_NONNULL = YES;
				CLANG_ANALYZER_NUMBER_OBJECT_CONVERSION = YES_AGGRESSIVE;
				CLANG_CXX_LANGUAGE_STANDARD = "gnu++14";
				CLANG_CXX_LIBRARY = "libc++";
				CLANG_ENABLE_MODULES = YES;
				CLANG_ENABLE_OBJC_ARC = YES;
				CLANG_ENABLE_OBJC_WEAK = YES;
				CLANG_WARN_BLOCK_CAPTURE_AUTORELEASING = YES;
				CLANG_WARN_BOOL_CONVERSION = YES;
				CLANG_WARN_COMMA = YES;
				CLANG_WARN_CONSTANT_CONVERSION = YES;
				CLANG_WARN_DEPRECATED_OBJC_IMPLEMENTATIONS = YES;
				CLANG_WARN_DIRECT_OBJC_ISA_USAGE = YES_ERROR;
				CLANG_WARN_DOCUMENTATION_COMMENTS = YES;
				CLANG_WARN_EMPTY_BODY = YES;
				CLANG_WARN_ENUM_CONVERSION = YES;
				CLANG_WARN_INFINITE_RECURSION = YES;
				CLANG_WARN_INT_CONVERSION = YES;
				CLANG_WARN_NON_LITERAL_NULL_CONVERSION = YES;
				CLANG_WARN_OBJC_IMPLICIT_RETAIN_SELF = YES;
				CLANG_WARN_OBJC_LITERAL_CONVERSION = YES;
				CLANG_WARN_OBJC_ROOT_CLASS = YES_ERROR;
				CLANG_WARN_RANGE_LOOP_ANALYSIS = YES;
				CLANG_WARN_STRICT_PROTOTYPES = YES;
				CLANG_WARN_SUSPICIOUS_MOVE = YES;
				CLANG_WARN_UNGUARDED_AVAILABILITY = YES_AGGRESSIVE;
				CLANG_WARN_UNREACHABLE_CODE = YES;
				CLANG_WARN__DUPLICATE_METHOD_MATCH = YES;
				COPY_PHASE_STRIP = NO;
				DEBUG_INFORMATION_FORMAT = "dwarf-with-dsym";
				ENABLE_NS_ASSERTIONS = NO;
				ENABLE_STRICT_OBJC_MSGSEND = YES;
				GCC_C_LANGUAGE_STANDARD = gnu11;
				GCC_NO_COMMON_BLOCKS = YES;
				GCC_WARN_64_TO_32_BIT_CONVERSION = YES;
				GCC_WARN_ABOUT_RETURN_TYPE = YES_ERROR;
				GCC_WARN_UNDECLARED_SELECTOR = YES;
				GCC_WARN_UNINITIALIZED_AUTOS = YES_AGGRESSIVE;
				GCC_WARN_UNUSED_FUNCTION = YES;
				GCC_WARN_UNUSED_VARIABLE = YES;
				IPHONEOS_DEPLOYMENT_TARGET = 13.2;
				MTL_ENABLE_DEBUG_INFO = NO;
				MTL_FAST_MATH = YES;
				SDKROOT = iphoneos;
				SWIFT_COMPILATION_MODE = wholemodule;
				SWIFT_OPTIMIZATION_LEVEL = "-O";
				VALIDATE_PRODUCT = YES;
			};
			name = Release;
		};
		D713AECB247443D200676490 /* Debug */ = {
			isa = XCBuildConfiguration;
			buildSettings = {
				ASSETCATALOG_COMPILER_APPICON_NAME = AppIcon;
				CODE_SIGN_STYLE = Automatic;
				DEVELOPMENT_TEAM = BLPW2SW2C3;
				INFOPLIST_FILE = CoreDatatest/Info.plist;
				LD_RUNPATH_SEARCH_PATHS = (
					"$(inherited)",
					"@executable_path/Frameworks",
				);
				PRODUCT_BUNDLE_IDENTIFIER = dfuture.mx.CoreDatatest;
				PRODUCT_NAME = "$(TARGET_NAME)";
				SWIFT_VERSION = 5.0;
				TARGETED_DEVICE_FAMILY = "1,2";
			};
			name = Debug;
		};
		D713AECC247443D200676490 /* Release */ = {
			isa = XCBuildConfiguration;
			buildSettings = {
				ASSETCATALOG_COMPILER_APPICON_NAME = AppIcon;
				CODE_SIGN_STYLE = Automatic;
				DEVELOPMENT_TEAM = BLPW2SW2C3;
				INFOPLIST_FILE = CoreDatatest/Info.plist;
				LD_RUNPATH_SEARCH_PATHS = (
					"$(inherited)",
					"@executable_path/Frameworks",
				);
				PRODUCT_BUNDLE_IDENTIFIER = dfuture.mx.CoreDatatest;
				PRODUCT_NAME = "$(TARGET_NAME)";
				SWIFT_VERSION = 5.0;
				TARGETED_DEVICE_FAMILY = "1,2";
			};
			name = Release;
		};
/* End XCBuildConfiguration section */

/* Begin XCConfigurationList section */
		D713AEAE247443CF00676490 /* Build configuration list for PBXProject "CoreDatatest" */ = {
			isa = XCConfigurationList;
			buildConfigurations = (
				D713AEC8247443D200676490 /* Debug */,
				D713AEC9247443D200676490 /* Release */,
			);
			defaultConfigurationIsVisible = 0;
			defaultConfigurationName = Release;
		};
		D713AECA247443D200676490 /* Build configuration list for PBXNativeTarget "CoreDatatest" */ = {
			isa = XCConfigurationList;
			buildConfigurations = (
				D713AECB247443D200676490 /* Debug */,
				D713AECC247443D200676490 /* Release */,
			);
			defaultConfigurationIsVisible = 0;
			defaultConfigurationName = Release;
		};
/* End XCConfigurationList section */

/* Begin XCVersionGroup section */
		D713AEBF247443CF00676490 /* CoreDatatest.xcdatamodeld */ = {
			isa = XCVersionGroup;
			children = (
				D713AEC0247443CF00676490 /* CoreDatatest.xcdatamodel */,
			);
			currentVersion = D713AEC0247443CF00676490 /* CoreDatatest.xcdatamodel */;
			path = CoreDatatest.xcdatamodeld;
			sourceTree = "<group>";
			versionGroupType = wrapper.xcdatamodel;
		};
/* End XCVersionGroup section */
	};
	rootObject = D713AEAB247443CF00676490 /* Project object */;
}
